// !$*UTF8*$!
{
	archiveVersion = 1;
	classes = {
	};
	objectVersion = 54;
	objects = {

/* Begin PBXBuildFile section */
		00E356F31AD99517003FC87E /* pawslink_mobileTests.m in Sources */ = {isa = PBXBuildFile; fileRef = 00E356F21AD99517003FC87E /* pawslink_mobileTests.m */; };
		0C80B921A6F3F58F76C31292 /* libPods-pawslink_mobile.a in Frameworks */ = {isa = PBXBuildFile; fileRef = 5DCACB8F33CDC322A6C60F78 /* libPods-pawslink_mobile.a */; };
		13B07FBC1A68108700A75B9A /* AppDelegate.mm in Sources */ = {isa = PBXBuildFile; fileRef = 13B07FB01A68108700A75B9A /* AppDelegate.mm */; };
		13B07FBF1A68108700A75B9A /* Images.xcassets in Resources */ = {isa = PBXBuildFile; fileRef = 13B07FB51A68108700A75B9A /* Images.xcassets */; };
		13B07FC11A68108700A75B9A /* main.m in Sources */ = {isa = PBXBuildFile; fileRef = 13B07FB71A68108700A75B9A /* main.m */; };
		7699B88040F8A987B510C191 /* libPods-pawslink_mobile-pawslink_mobileTests.a in Frameworks */ = {isa = PBXBuildFile; fileRef = 19F6CBCC0A4E27FBF8BF4A61 /* libPods-pawslink_mobile-pawslink_mobileTests.a */; };
		81AB9BB82411601600AC10FF /* LaunchScreen.storyboard in Resources */ = {isa = PBXBuildFile; fileRef = 81AB9BB72411601600AC10FF /* LaunchScreen.storyboard */; };
		CDD77E572BDB46C59C3DC683 /* Inter-Black.ttf in Resources */ = {isa = PBXBuildFile; fileRef = 856DD6E03440435396ADDFCB /* Inter-Black.ttf */; };
		3B4E403366FB46988842952D /* Inter-Bold.ttf in Resources */ = {isa = PBXBuildFile; fileRef = A295F5E19618454398BBD435 /* Inter-Bold.ttf */; };
		4BC4CF20EBBF448A988F2E3E /* Inter-ExtraBold.ttf in Resources */ = {isa = PBXBuildFile; fileRef = DF13DA5A617F4BBF821C3AC1 /* Inter-ExtraBold.ttf */; };
		08C52D7705334ACB931F9FDC /* Inter-ExtraLight.ttf in Resources */ = {isa = PBXBuildFile; fileRef = EC6B2F6BDA724192B3364B91 /* Inter-ExtraLight.ttf */; };
		9A7A895BA65A4E05B539DD4C /* Inter-Light.ttf in Resources */ = {isa = PBXBuildFile; fileRef = F9AB0CFB026B4AC8A5C1AA2C /* Inter-Light.ttf */; };
		FA70A8CAFF3B482DA0463CD7 /* Inter-Medium.ttf in Resources */ = {isa = PBXBuildFile; fileRef = 22E08EB15CF045E4A27A526A /* Inter-Medium.ttf */; };
		767DE50DD3CF48BEAA348FF8 /* Inter-Regular.ttf in Resources */ = {isa = PBXBuildFile; fileRef = 3FA1220F2CD34A6799FD5624 /* Inter-Regular.ttf */; };
		71F06FB0357043DFBB483740 /* Inter-SemiBold.ttf in Resources */ = {isa = PBXBuildFile; fileRef = 5CB3BA9C3AA542089433FC04 /* Inter-SemiBold.ttf */; };
		B28EF0D1FD7D48279AB99B83 /* Inter-Thin.ttf in Resources */ = {isa = PBXBuildFile; fileRef = 141BAF66E3A240C7BAF822E9 /* Inter-Thin.ttf */; };
		5BF4543D9E114C8180947589 /* Epilogue-Black.ttf in Resources */ = {isa = PBXBuildFile; fileRef = FA8AC492E71D4E018B0DCA3D /* Epilogue-Black.ttf */; };
		896ABC071FE848C3986EE0B2 /* Epilogue-BlackItalic.ttf in Resources */ = {isa = PBXBuildFile; fileRef = 293DEE709BA44F4CA3D6A984 /* Epilogue-BlackItalic.ttf */; };
		978C5F3243B64E02A7BAA032 /* Epilogue-Bold.ttf in Resources */ = {isa = PBXBuildFile; fileRef = 944DA5643E14494CBDF7728E /* Epilogue-Bold.ttf */; };
		A8DBE38EA08941B59244D4A6 /* Epilogue-BoldItalic.ttf in Resources */ = {isa = PBXBuildFile; fileRef = BDE1079B003C4C03846193F4 /* Epilogue-BoldItalic.ttf */; };
		986385F64B4845238F6D1286 /* Epilogue-ExtraBold.ttf in Resources */ = {isa = PBXBuildFile; fileRef = 0719EF2412AF44DFBC526CBC /* Epilogue-ExtraBold.ttf */; };
		0F5481C76868491883199FF6 /* Epilogue-ExtraBoldItalic.ttf in Resources */ = {isa = PBXBuildFile; fileRef = BF181A0B20624BD298A648DD /* Epilogue-ExtraBoldItalic.ttf */; };
		72053498288546FA9D824A11 /* Epilogue-ExtraLight.ttf in Resources */ = {isa = PBXBuildFile; fileRef = 133ACAF09DA84445BB38FED2 /* Epilogue-ExtraLight.ttf */; };
		6FCF7B23387B483091D4254C /* Epilogue-ExtraLightItalic.ttf in Resources */ = {isa = PBXBuildFile; fileRef = 2157663651B741E4A1FDD242 /* Epilogue-ExtraLightItalic.ttf */; };
		9B3E8FB92D424935820B784A /* Epilogue-Italic.ttf in Resources */ = {isa = PBXBuildFile; fileRef = 761C248C58944090A0594D70 /* Epilogue-Italic.ttf */; };
		B07151CFC782461F90D9D5C7 /* Epilogue-Light.ttf in Resources */ = {isa = PBXBuildFile; fileRef = D0F2F4C3E6F24784B988039D /* Epilogue-Light.ttf */; };
		2B22114249914538B5274A4D /* Epilogue-LightItalic.ttf in Resources */ = {isa = PBXBuildFile; fileRef = 4428DA38484E461DA28E8B5A /* Epilogue-LightItalic.ttf */; };
		CE49BF76488F4D2C92E96C0F /* Epilogue-Medium.ttf in Resources */ = {isa = PBXBuildFile; fileRef = EC4EDC7433E6482B8864D033 /* Epilogue-Medium.ttf */; };
		4F938CC6CF4E491986977C27 /* Epilogue-MediumItalic.ttf in Resources */ = {isa = PBXBuildFile; fileRef = 85B7976DACAC438B84B934A7 /* Epilogue-MediumItalic.ttf */; };
		43A574A1B1CF45508FFA9280 /* Epilogue-Regular.ttf in Resources */ = {isa = PBXBuildFile; fileRef = 35504D4632DC470D81772DDE /* Epilogue-Regular.ttf */; };
		C9F5B551558F4C96BA2ABB9B /* Epilogue-SemiBold.ttf in Resources */ = {isa = PBXBuildFile; fileRef = F51239C196B045BCABC08CE4 /* Epilogue-SemiBold.ttf */; };
		B369393DBD90469BBAF0EBFA /* Epilogue-SemiBoldItalic.ttf in Resources */ = {isa = PBXBuildFile; fileRef = 9B1A70BCC83B4B68B2A71089 /* Epilogue-SemiBoldItalic.ttf */; };
		57AF69B376C04D89A1CB9B2B /* Epilogue-Thin.ttf in Resources */ = {isa = PBXBuildFile; fileRef = FD8BEAD886A74650A405FCC3 /* Epilogue-Thin.ttf */; };
		DB218061CE094B5DBBC2B99D /* Epilogue-ThinItalic.ttf in Resources */ = {isa = PBXBuildFile; fileRef = 859FBEA064EC478787293F75 /* Epilogue-ThinItalic.ttf */; };
/* End PBXBuildFile section */

/* Begin PBXContainerItemProxy section */
		00E356F41AD99517003FC87E /* PBXContainerItemProxy */ = {
			isa = PBXContainerItemProxy;
			containerPortal = 83CBB9F71A601CBA00E9B192 /* Project object */;
			proxyType = 1;
			remoteGlobalIDString = 13B07F861A680F5B00A75B9A;
			remoteInfo = pawslink_mobile;
		};
/* End PBXContainerItemProxy section */

/* Begin PBXFileReference section */
		00E356EE1AD99517003FC87E /* pawslink_mobileTests.xctest */ = {isa = PBXFileReference; explicitFileType = wrapper.cfbundle; includeInIndex = 0; path = pawslink_mobileTests.xctest; sourceTree = BUILT_PRODUCTS_DIR; };
		00E356F11AD99517003FC87E /* Info.plist */ = {isa = PBXFileReference; lastKnownFileType = text.plist.xml; path = Info.plist; sourceTree = "<group>"; };
		00E356F21AD99517003FC87E /* pawslink_mobileTests.m */ = {isa = PBXFileReference; lastKnownFileType = sourcecode.c.objc; path = pawslink_mobileTests.m; sourceTree = "<group>"; };
		13B07F961A680F5B00A75B9A /* pawslink_mobile.app */ = {isa = PBXFileReference; explicitFileType = wrapper.application; includeInIndex = 0; path = pawslink_mobile.app; sourceTree = BUILT_PRODUCTS_DIR; };
		13B07FAF1A68108700A75B9A /* AppDelegate.h */ = {isa = PBXFileReference; fileEncoding = 4; lastKnownFileType = sourcecode.c.h; name = AppDelegate.h; path = pawslink_mobile/AppDelegate.h; sourceTree = "<group>"; };
		13B07FB01A68108700A75B9A /* AppDelegate.mm */ = {isa = PBXFileReference; fileEncoding = 4; lastKnownFileType = sourcecode.cpp.objcpp; name = AppDelegate.mm; path = pawslink_mobile/AppDelegate.mm; sourceTree = "<group>"; };
		13B07FB51A68108700A75B9A /* Images.xcassets */ = {isa = PBXFileReference; lastKnownFileType = folder.assetcatalog; name = Images.xcassets; path = pawslink_mobile/Images.xcassets; sourceTree = "<group>"; };
		13B07FB61A68108700A75B9A /* Info.plist */ = {isa = PBXFileReference; fileEncoding = 4; lastKnownFileType = text.plist.xml; name = Info.plist; path = pawslink_mobile/Info.plist; sourceTree = "<group>"; };
		13B07FB71A68108700A75B9A /* main.m */ = {isa = PBXFileReference; fileEncoding = 4; lastKnownFileType = sourcecode.c.objc; name = main.m; path = pawslink_mobile/main.m; sourceTree = "<group>"; };
		13B07FB81A68108700A75B9A /* PrivacyInfo.xcprivacy */ = {isa = PBXFileReference; fileEncoding = 4; lastKnownFileType = text.plist.xml; name = PrivacyInfo.xcprivacy; path = pawslink_mobile/PrivacyInfo.xcprivacy; sourceTree = "<group>"; };
		19F6CBCC0A4E27FBF8BF4A61 /* libPods-pawslink_mobile-pawslink_mobileTests.a */ = {isa = PBXFileReference; explicitFileType = archive.ar; includeInIndex = 0; path = "libPods-pawslink_mobile-pawslink_mobileTests.a"; sourceTree = BUILT_PRODUCTS_DIR; };
		3B4392A12AC88292D35C810B /* Pods-pawslink_mobile.debug.xcconfig */ = {isa = PBXFileReference; includeInIndex = 1; lastKnownFileType = text.xcconfig; name = "Pods-pawslink_mobile.debug.xcconfig"; path = "Target Support Files/Pods-pawslink_mobile/Pods-pawslink_mobile.debug.xcconfig"; sourceTree = "<group>"; };
		5709B34CF0A7D63546082F79 /* Pods-pawslink_mobile.release.xcconfig */ = {isa = PBXFileReference; includeInIndex = 1; lastKnownFileType = text.xcconfig; name = "Pods-pawslink_mobile.release.xcconfig"; path = "Target Support Files/Pods-pawslink_mobile/Pods-pawslink_mobile.release.xcconfig"; sourceTree = "<group>"; };
		5B7EB9410499542E8C5724F5 /* Pods-pawslink_mobile-pawslink_mobileTests.debug.xcconfig */ = {isa = PBXFileReference; includeInIndex = 1; lastKnownFileType = text.xcconfig; name = "Pods-pawslink_mobile-pawslink_mobileTests.debug.xcconfig"; path = "Target Support Files/Pods-pawslink_mobile-pawslink_mobileTests/Pods-pawslink_mobile-pawslink_mobileTests.debug.xcconfig"; sourceTree = "<group>"; };
		5DCACB8F33CDC322A6C60F78 /* libPods-pawslink_mobile.a */ = {isa = PBXFileReference; explicitFileType = archive.ar; includeInIndex = 0; path = "libPods-pawslink_mobile.a"; sourceTree = BUILT_PRODUCTS_DIR; };
		81AB9BB72411601600AC10FF /* LaunchScreen.storyboard */ = {isa = PBXFileReference; fileEncoding = 4; lastKnownFileType = file.storyboard; name = LaunchScreen.storyboard; path = pawslink_mobile/LaunchScreen.storyboard; sourceTree = "<group>"; };
		89C6BE57DB24E9ADA2F236DE /* Pods-pawslink_mobile-pawslink_mobileTests.release.xcconfig */ = {isa = PBXFileReference; includeInIndex = 1; lastKnownFileType = text.xcconfig; name = "Pods-pawslink_mobile-pawslink_mobileTests.release.xcconfig"; path = "Target Support Files/Pods-pawslink_mobile-pawslink_mobileTests/Pods-pawslink_mobile-pawslink_mobileTests.release.xcconfig"; sourceTree = "<group>"; };
		ED297162215061F000B7C4FE /* JavaScriptCore.framework */ = {isa = PBXFileReference; lastKnownFileType = wrapper.framework; name = JavaScriptCore.framework; path = System/Library/Frameworks/JavaScriptCore.framework; sourceTree = SDKROOT; };
		856DD6E03440435396ADDFCB /* Inter-Black.ttf */ = {isa = PBXFileReference; name = "Inter-Black.ttf"; path = "../src/assets/fonts/Inter-Black.ttf"; sourceTree = "<group>"; fileEncoding = undefined; lastKnownFileType = unknown; explicitFileType = undefined; includeInIndex = 0; };
		A295F5E19618454398BBD435 /* Inter-Bold.ttf */ = {isa = PBXFileReference; name = "Inter-Bold.ttf"; path = "../src/assets/fonts/Inter-Bold.ttf"; sourceTree = "<group>"; fileEncoding = undefined; lastKnownFileType = unknown; explicitFileType = undefined; includeInIndex = 0; };
		DF13DA5A617F4BBF821C3AC1 /* Inter-ExtraBold.ttf */ = {isa = PBXFileReference; name = "Inter-ExtraBold.ttf"; path = "../src/assets/fonts/Inter-ExtraBold.ttf"; sourceTree = "<group>"; fileEncoding = undefined; lastKnownFileType = unknown; explicitFileType = undefined; includeInIndex = 0; };
		EC6B2F6BDA724192B3364B91 /* Inter-ExtraLight.ttf */ = {isa = PBXFileReference; name = "Inter-ExtraLight.ttf"; path = "../src/assets/fonts/Inter-ExtraLight.ttf"; sourceTree = "<group>"; fileEncoding = undefined; lastKnownFileType = unknown; explicitFileType = undefined; includeInIndex = 0; };
		F9AB0CFB026B4AC8A5C1AA2C /* Inter-Light.ttf */ = {isa = PBXFileReference; name = "Inter-Light.ttf"; path = "../src/assets/fonts/Inter-Light.ttf"; sourceTree = "<group>"; fileEncoding = undefined; lastKnownFileType = unknown; explicitFileType = undefined; includeInIndex = 0; };
		22E08EB15CF045E4A27A526A /* Inter-Medium.ttf */ = {isa = PBXFileReference; name = "Inter-Medium.ttf"; path = "../src/assets/fonts/Inter-Medium.ttf"; sourceTree = "<group>"; fileEncoding = undefined; lastKnownFileType = unknown; explicitFileType = undefined; includeInIndex = 0; };
		3FA1220F2CD34A6799FD5624 /* Inter-Regular.ttf */ = {isa = PBXFileReference; name = "Inter-Regular.ttf"; path = "../src/assets/fonts/Inter-Regular.ttf"; sourceTree = "<group>"; fileEncoding = undefined; lastKnownFileType = unknown; explicitFileType = undefined; includeInIndex = 0; };
		5CB3BA9C3AA542089433FC04 /* Inter-SemiBold.ttf */ = {isa = PBXFileReference; name = "Inter-SemiBold.ttf"; path = "../src/assets/fonts/Inter-SemiBold.ttf"; sourceTree = "<group>"; fileEncoding = undefined; lastKnownFileType = unknown; explicitFileType = undefined; includeInIndex = 0; };
		141BAF66E3A240C7BAF822E9 /* Inter-Thin.ttf */ = {isa = PBXFileReference; name = "Inter-Thin.ttf"; path = "../src/assets/fonts/Inter-Thin.ttf"; sourceTree = "<group>"; fileEncoding = undefined; lastKnownFileType = unknown; explicitFileType = undefined; includeInIndex = 0; };
		FA8AC492E71D4E018B0DCA3D /* Epilogue-Black.ttf */ = {isa = PBXFileReference; name = "Epilogue-Black.ttf"; path = "../src/assets/fonts/Epilogue-Black.ttf"; sourceTree = "<group>"; fileEncoding = undefined; lastKnownFileType = unknown; explicitFileType = undefined; includeInIndex = 0; };
		293DEE709BA44F4CA3D6A984 /* Epilogue-BlackItalic.ttf */ = {isa = PBXFileReference; name = "Epilogue-BlackItalic.ttf"; path = "../src/assets/fonts/Epilogue-BlackItalic.ttf"; sourceTree = "<group>"; fileEncoding = undefined; lastKnownFileType = unknown; explicitFileType = undefined; includeInIndex = 0; };
		944DA5643E14494CBDF7728E /* Epilogue-Bold.ttf */ = {isa = PBXFileReference; name = "Epilogue-Bold.ttf"; path = "../src/assets/fonts/Epilogue-Bold.ttf"; sourceTree = "<group>"; fileEncoding = undefined; lastKnownFileType = unknown; explicitFileType = undefined; includeInIndex = 0; };
		BDE1079B003C4C03846193F4 /* Epilogue-BoldItalic.ttf */ = {isa = PBXFileReference; name = "Epilogue-BoldItalic.ttf"; path = "../src/assets/fonts/Epilogue-BoldItalic.ttf"; sourceTree = "<group>"; fileEncoding = undefined; lastKnownFileType = unknown; explicitFileType = undefined; includeInIndex = 0; };
		0719EF2412AF44DFBC526CBC /* Epilogue-ExtraBold.ttf */ = {isa = PBXFileReference; name = "Epilogue-ExtraBold.ttf"; path = "../src/assets/fonts/Epilogue-ExtraBold.ttf"; sourceTree = "<group>"; fileEncoding = undefined; lastKnownFileType = unknown; explicitFileType = undefined; includeInIndex = 0; };
		BF181A0B20624BD298A648DD /* Epilogue-ExtraBoldItalic.ttf */ = {isa = PBXFileReference; name = "Epilogue-ExtraBoldItalic.ttf"; path = "../src/assets/fonts/Epilogue-ExtraBoldItalic.ttf"; sourceTree = "<group>"; fileEncoding = undefined; lastKnownFileType = unknown; explicitFileType = undefined; includeInIndex = 0; };
		133ACAF09DA84445BB38FED2 /* Epilogue-ExtraLight.ttf */ = {isa = PBXFileReference; name = "Epilogue-ExtraLight.ttf"; path = "../src/assets/fonts/Epilogue-ExtraLight.ttf"; sourceTree = "<group>"; fileEncoding = undefined; lastKnownFileType = unknown; explicitFileType = undefined; includeInIndex = 0; };
		2157663651B741E4A1FDD242 /* Epilogue-ExtraLightItalic.ttf */ = {isa = PBXFileReference; name = "Epilogue-ExtraLightItalic.ttf"; path = "../src/assets/fonts/Epilogue-ExtraLightItalic.ttf"; sourceTree = "<group>"; fileEncoding = undefined; lastKnownFileType = unknown; explicitFileType = undefined; includeInIndex = 0; };
		761C248C58944090A0594D70 /* Epilogue-Italic.ttf */ = {isa = PBXFileReference; name = "Epilogue-Italic.ttf"; path = "../src/assets/fonts/Epilogue-Italic.ttf"; sourceTree = "<group>"; fileEncoding = undefined; lastKnownFileType = unknown; explicitFileType = undefined; includeInIndex = 0; };
		D0F2F4C3E6F24784B988039D /* Epilogue-Light.ttf */ = {isa = PBXFileReference; name = "Epilogue-Light.ttf"; path = "../src/assets/fonts/Epilogue-Light.ttf"; sourceTree = "<group>"; fileEncoding = undefined; lastKnownFileType = unknown; explicitFileType = undefined; includeInIndex = 0; };
		4428DA38484E461DA28E8B5A /* Epilogue-LightItalic.ttf */ = {isa = PBXFileReference; name = "Epilogue-LightItalic.ttf"; path = "../src/assets/fonts/Epilogue-LightItalic.ttf"; sourceTree = "<group>"; fileEncoding = undefined; lastKnownFileType = unknown; explicitFileType = undefined; includeInIndex = 0; };
		EC4EDC7433E6482B8864D033 /* Epilogue-Medium.ttf */ = {isa = PBXFileReference; name = "Epilogue-Medium.ttf"; path = "../src/assets/fonts/Epilogue-Medium.ttf"; sourceTree = "<group>"; fileEncoding = undefined; lastKnownFileType = unknown; explicitFileType = undefined; includeInIndex = 0; };
		85B7976DACAC438B84B934A7 /* Epilogue-MediumItalic.ttf */ = {isa = PBXFileReference; name = "Epilogue-MediumItalic.ttf"; path = "../src/assets/fonts/Epilogue-MediumItalic.ttf"; sourceTree = "<group>"; fileEncoding = undefined; lastKnownFileType = unknown; explicitFileType = undefined; includeInIndex = 0; };
		35504D4632DC470D81772DDE /* Epilogue-Regular.ttf */ = {isa = PBXFileReference; name = "Epilogue-Regular.ttf"; path = "../src/assets/fonts/Epilogue-Regular.ttf"; sourceTree = "<group>"; fileEncoding = undefined; lastKnownFileType = unknown; explicitFileType = undefined; includeInIndex = 0; };
		F51239C196B045BCABC08CE4 /* Epilogue-SemiBold.ttf */ = {isa = PBXFileReference; name = "Epilogue-SemiBold.ttf"; path = "../src/assets/fonts/Epilogue-SemiBold.ttf"; sourceTree = "<group>"; fileEncoding = undefined; lastKnownFileType = unknown; explicitFileType = undefined; includeInIndex = 0; };
		9B1A70BCC83B4B68B2A71089 /* Epilogue-SemiBoldItalic.ttf */ = {isa = PBXFileReference; name = "Epilogue-SemiBoldItalic.ttf"; path = "../src/assets/fonts/Epilogue-SemiBoldItalic.ttf"; sourceTree = "<group>"; fileEncoding = undefined; lastKnownFileType = unknown; explicitFileType = undefined; includeInIndex = 0; };
		FD8BEAD886A74650A405FCC3 /* Epilogue-Thin.ttf */ = {isa = PBXFileReference; name = "Epilogue-Thin.ttf"; path = "../src/assets/fonts/Epilogue-Thin.ttf"; sourceTree = "<group>"; fileEncoding = undefined; lastKnownFileType = unknown; explicitFileType = undefined; includeInIndex = 0; };
		859FBEA064EC478787293F75 /* Epilogue-ThinItalic.ttf */ = {isa = PBXFileReference; name = "Epilogue-ThinItalic.ttf"; path = "../src/assets/fonts/Epilogue-ThinItalic.ttf"; sourceTree = "<group>"; fileEncoding = undefined; lastKnownFileType = unknown; explicitFileType = undefined; includeInIndex = 0; };
/* End PBXFileReference section */

/* Begin PBXFrameworksBuildPhase section */
		00E356EB1AD99517003FC87E /* Frameworks */ = {
			isa = PBXFrameworksBuildPhase;
			buildActionMask = 2147483647;
			files = (
				7699B88040F8A987B510C191 /* libPods-pawslink_mobile-pawslink_mobileTests.a in Frameworks */,
			);
			runOnlyForDeploymentPostprocessing = 0;
		};
		13B07F8C1A680F5B00A75B9A /* Frameworks */ = {
			isa = PBXFrameworksBuildPhase;
			buildActionMask = 2147483647;
			files = (
				0C80B921A6F3F58F76C31292 /* libPods-pawslink_mobile.a in Frameworks */,
			);
			runOnlyForDeploymentPostprocessing = 0;
		};
/* End PBXFrameworksBuildPhase section */

/* Begin PBXGroup section */
		00E356EF1AD99517003FC87E /* pawslink_mobileTests */ = {
			isa = PBXGroup;
			children = (
				00E356F21AD99517003FC87E /* pawslink_mobileTests.m */,
				00E356F01AD99517003FC87E /* Supporting Files */,
			);
			path = pawslink_mobileTests;
			sourceTree = "<group>";
		};
		00E356F01AD99517003FC87E /* Supporting Files */ = {
			isa = PBXGroup;
			children = (
				00E356F11AD99517003FC87E /* Info.plist */,
			);
			name = "Supporting Files";
			sourceTree = "<group>";
		};
		13B07FAE1A68108700A75B9A /* pawslink_mobile */ = {
			isa = PBXGroup;
			children = (
				13B07FAF1A68108700A75B9A /* AppDelegate.h */,
				13B07FB01A68108700A75B9A /* AppDelegate.mm */,
				13B07FB51A68108700A75B9A /* Images.xcassets */,
				13B07FB61A68108700A75B9A /* Info.plist */,
				81AB9BB72411601600AC10FF /* LaunchScreen.storyboard */,
				13B07FB71A68108700A75B9A /* main.m */,
				13B07FB81A68108700A75B9A /* PrivacyInfo.xcprivacy */,
			);
			name = pawslink_mobile;
			sourceTree = "<group>";
		};
		2D16E6871FA4F8E400B85C8A /* Frameworks */ = {
			isa = PBXGroup;
			children = (
				ED297162215061F000B7C4FE /* JavaScriptCore.framework */,
				5DCACB8F33CDC322A6C60F78 /* libPods-pawslink_mobile.a */,
				19F6CBCC0A4E27FBF8BF4A61 /* libPods-pawslink_mobile-pawslink_mobileTests.a */,
			);
			name = Frameworks;
			sourceTree = "<group>";
		};
		832341AE1AAA6A7D00B99B32 /* Libraries */ = {
			isa = PBXGroup;
			children = (
			);
			name = Libraries;
			sourceTree = "<group>";
		};
		83CBB9F61A601CBA00E9B192 = {
			isa = PBXGroup;
			children = (
				13B07FAE1A68108700A75B9A /* pawslink_mobile */,
				832341AE1AAA6A7D00B99B32 /* Libraries */,
				00E356EF1AD99517003FC87E /* pawslink_mobileTests */,
				83CBBA001A601CBA00E9B192 /* Products */,
				2D16E6871FA4F8E400B85C8A /* Frameworks */,
				BBD78D7AC51CEA395F1C20DB /* Pods */,
				2485B505A529432685471B22 /* Resources */,
			);
			indentWidth = 2;
			sourceTree = "<group>";
			tabWidth = 2;
			usesTabs = 0;
		};
		83CBBA001A601CBA00E9B192 /* Products */ = {
			isa = PBXGroup;
			children = (
				13B07F961A680F5B00A75B9A /* pawslink_mobile.app */,
				00E356EE1AD99517003FC87E /* pawslink_mobileTests.xctest */,
			);
			name = Products;
			sourceTree = "<group>";
		};
		BBD78D7AC51CEA395F1C20DB /* Pods */ = {
			isa = PBXGroup;
			children = (
				3B4392A12AC88292D35C810B /* Pods-pawslink_mobile.debug.xcconfig */,
				5709B34CF0A7D63546082F79 /* Pods-pawslink_mobile.release.xcconfig */,
				5B7EB9410499542E8C5724F5 /* Pods-pawslink_mobile-pawslink_mobileTests.debug.xcconfig */,
				89C6BE57DB24E9ADA2F236DE /* Pods-pawslink_mobile-pawslink_mobileTests.release.xcconfig */,
			);
			path = Pods;
			sourceTree = "<group>";
		};
		2485B505A529432685471B22 /* Resources */ = {
			isa = "PBXGroup";
			children = (
				856DD6E03440435396ADDFCB /* Inter-Black.ttf */,
				A295F5E19618454398BBD435 /* Inter-Bold.ttf */,
				DF13DA5A617F4BBF821C3AC1 /* Inter-ExtraBold.ttf */,
				EC6B2F6BDA724192B3364B91 /* Inter-ExtraLight.ttf */,
				F9AB0CFB026B4AC8A5C1AA2C /* Inter-Light.ttf */,
				22E08EB15CF045E4A27A526A /* Inter-Medium.ttf */,
				3FA1220F2CD34A6799FD5624 /* Inter-Regular.ttf */,
				5CB3BA9C3AA542089433FC04 /* Inter-SemiBold.ttf */,
				141BAF66E3A240C7BAF822E9 /* Inter-Thin.ttf */,
				FA8AC492E71D4E018B0DCA3D /* Epilogue-Black.ttf */,
				293DEE709BA44F4CA3D6A984 /* Epilogue-BlackItalic.ttf */,
				944DA5643E14494CBDF7728E /* Epilogue-Bold.ttf */,
				BDE1079B003C4C03846193F4 /* Epilogue-BoldItalic.ttf */,
				0719EF2412AF44DFBC526CBC /* Epilogue-ExtraBold.ttf */,
				BF181A0B20624BD298A648DD /* Epilogue-ExtraBoldItalic.ttf */,
				133ACAF09DA84445BB38FED2 /* Epilogue-ExtraLight.ttf */,
				2157663651B741E4A1FDD242 /* Epilogue-ExtraLightItalic.ttf */,
				761C248C58944090A0594D70 /* Epilogue-Italic.ttf */,
				D0F2F4C3E6F24784B988039D /* Epilogue-Light.ttf */,
				4428DA38484E461DA28E8B5A /* Epilogue-LightItalic.ttf */,
				EC4EDC7433E6482B8864D033 /* Epilogue-Medium.ttf */,
				85B7976DACAC438B84B934A7 /* Epilogue-MediumItalic.ttf */,
				35504D4632DC470D81772DDE /* Epilogue-Regular.ttf */,
				F51239C196B045BCABC08CE4 /* Epilogue-SemiBold.ttf */,
				9B1A70BCC83B4B68B2A71089 /* Epilogue-SemiBoldItalic.ttf */,
				FD8BEAD886A74650A405FCC3 /* Epilogue-Thin.ttf */,
				859FBEA064EC478787293F75 /* Epilogue-ThinItalic.ttf */,
			);
			name = Resources;
			sourceTree = "<group>";
			path = "";
		};
/* End PBXGroup section */

/* Begin PBXNativeTarget section */
		00E356ED1AD99517003FC87E /* pawslink_mobileTests */ = {
			isa = PBXNativeTarget;
			buildConfigurationList = 00E357021AD99517003FC87E /* Build configuration list for PBXNativeTarget "pawslink_mobileTests" */;
			buildPhases = (
				A55EABD7B0C7F3A422A6CC61 /* [CP] Check Pods Manifest.lock */,
				00E356EA1AD99517003FC87E /* Sources */,
				00E356EB1AD99517003FC87E /* Frameworks */,
				00E356EC1AD99517003FC87E /* Resources */,
				C59DA0FBD6956966B86A3779 /* [CP] Embed Pods Frameworks */,
				F6A41C54EA430FDDC6A6ED99 /* [CP] Copy Pods Resources */,
			);
			buildRules = (
			);
			dependencies = (
				00E356F51AD99517003FC87E /* PBXTargetDependency */,
			);
			name = pawslink_mobileTests;
			productName = pawslink_mobileTests;
			productReference = 00E356EE1AD99517003FC87E /* pawslink_mobileTests.xctest */;
			productType = "com.apple.product-type.bundle.unit-test";
		};
		13B07F861A680F5B00A75B9A /* pawslink_mobile */ = {
			isa = PBXNativeTarget;
			buildConfigurationList = 13B07F931A680F5B00A75B9A /* Build configuration list for PBXNativeTarget "pawslink_mobile" */;
			buildPhases = (
				C38B50BA6285516D6DCD4F65 /* [CP] Check Pods Manifest.lock */,
				13B07F871A680F5B00A75B9A /* Sources */,
				13B07F8C1A680F5B00A75B9A /* Frameworks */,
				13B07F8E1A680F5B00A75B9A /* Resources */,
				00DD1BFF1BD5951E006B06BC /* Bundle React Native code and images */,
				00EEFC60759A1932668264C0 /* [CP] Embed Pods Frameworks */,
				E235C05ADACE081382539298 /* [CP] Copy Pods Resources */,
			);
			buildRules = (
			);
			dependencies = (
			);
			name = pawslink_mobile;
			productName = pawslink_mobile;
			productReference = 13B07F961A680F5B00A75B9A /* pawslink_mobile.app */;
			productType = "com.apple.product-type.application";
		};
/* End PBXNativeTarget section */

/* Begin PBXProject section */
		83CBB9F71A601CBA00E9B192 /* Project object */ = {
			isa = PBXProject;
			attributes = {
				LastUpgradeCheck = 1210;
				TargetAttributes = {
					00E356ED1AD99517003FC87E = {
						CreatedOnToolsVersion = 6.2;
						TestTargetID = 13B07F861A680F5B00A75B9A;
					};
					13B07F861A680F5B00A75B9A = {
						LastSwiftMigration = 1120;
					};
				};
			};
			buildConfigurationList = 83CBB9FA1A601CBA00E9B192 /* Build configuration list for PBXProject "pawslink_mobile" */;
			compatibilityVersion = "Xcode 12.0";
			developmentRegion = en;
			hasScannedForEncodings = 0;
			knownRegions = (
				en,
				Base,
			);
			mainGroup = 83CBB9F61A601CBA00E9B192;
			productRefGroup = 83CBBA001A601CBA00E9B192 /* Products */;
			projectDirPath = "";
			projectRoot = "";
			targets = (
				13B07F861A680F5B00A75B9A /* pawslink_mobile */,
				00E356ED1AD99517003FC87E /* pawslink_mobileTests */,
			);
		};
/* End PBXProject section */

/* Begin PBXResourcesBuildPhase section */
		00E356EC1AD99517003FC87E /* Resources */ = {
			isa = PBXResourcesBuildPhase;
			buildActionMask = 2147483647;
			files = (
			);
			runOnlyForDeploymentPostprocessing = 0;
		};
		13B07F8E1A680F5B00A75B9A /* Resources */ = {
			isa = PBXResourcesBuildPhase;
			buildActionMask = 2147483647;
			files = (
				81AB9BB82411601600AC10FF /* LaunchScreen.storyboard in Resources */,
				13B07FBF1A68108700A75B9A /* Images.xcassets in Resources */,
				CDD77E572BDB46C59C3DC683 /* Inter-Black.ttf in Resources */,
				3B4E403366FB46988842952D /* Inter-Bold.ttf in Resources */,
				4BC4CF20EBBF448A988F2E3E /* Inter-ExtraBold.ttf in Resources */,
				08C52D7705334ACB931F9FDC /* Inter-ExtraLight.ttf in Resources */,
				9A7A895BA65A4E05B539DD4C /* Inter-Light.ttf in Resources */,
				FA70A8CAFF3B482DA0463CD7 /* Inter-Medium.ttf in Resources */,
				767DE50DD3CF48BEAA348FF8 /* Inter-Regular.ttf in Resources */,
				71F06FB0357043DFBB483740 /* Inter-SemiBold.ttf in Resources */,
				B28EF0D1FD7D48279AB99B83 /* Inter-Thin.ttf in Resources */,
				5BF4543D9E114C8180947589 /* Epilogue-Black.ttf in Resources */,
				896ABC071FE848C3986EE0B2 /* Epilogue-BlackItalic.ttf in Resources */,
				978C5F3243B64E02A7BAA032 /* Epilogue-Bold.ttf in Resources */,
				A8DBE38EA08941B59244D4A6 /* Epilogue-BoldItalic.ttf in Resources */,
				986385F64B4845238F6D1286 /* Epilogue-ExtraBold.ttf in Resources */,
				0F5481C76868491883199FF6 /* Epilogue-ExtraBoldItalic.ttf in Resources */,
				72053498288546FA9D824A11 /* Epilogue-ExtraLight.ttf in Resources */,
				6FCF7B23387B483091D4254C /* Epilogue-ExtraLightItalic.ttf in Resources */,
				9B3E8FB92D424935820B784A /* Epilogue-Italic.ttf in Resources */,
				B07151CFC782461F90D9D5C7 /* Epilogue-Light.ttf in Resources */,
				2B22114249914538B5274A4D /* Epilogue-LightItalic.ttf in Resources */,
				CE49BF76488F4D2C92E96C0F /* Epilogue-Medium.ttf in Resources */,
				4F938CC6CF4E491986977C27 /* Epilogue-MediumItalic.ttf in Resources */,
				43A574A1B1CF45508FFA9280 /* Epilogue-Regular.ttf in Resources */,
				C9F5B551558F4C96BA2ABB9B /* Epilogue-SemiBold.ttf in Resources */,
				B369393DBD90469BBAF0EBFA /* Epilogue-SemiBoldItalic.ttf in Resources */,
				57AF69B376C04D89A1CB9B2B /* Epilogue-Thin.ttf in Resources */,
				DB218061CE094B5DBBC2B99D /* Epilogue-ThinItalic.ttf in Resources */,
			);
			runOnlyForDeploymentPostprocessing = 0;
		};
/* End PBXResourcesBuildPhase section */

/* Begin PBXShellScriptBuildPhase section */
		00DD1BFF1BD5951E006B06BC /* Bundle React Native code and images */ = {
			isa = PBXShellScriptBuildPhase;
			buildActionMask = 2147483647;
			files = (
			);
			inputPaths = (
				"$(SRCROOT)/.xcode.env.local",
				"$(SRCROOT)/.xcode.env",
			);
			name = "Bundle React Native code and images";
			outputPaths = (
			);
			runOnlyForDeploymentPostprocessing = 0;
			shellPath = /bin/sh;
			shellScript = "set -e\n\nWITH_ENVIRONMENT=\"$REACT_NATIVE_PATH/scripts/xcode/with-environment.sh\"\nREACT_NATIVE_XCODE=\"$REACT_NATIVE_PATH/scripts/react-native-xcode.sh\"\n\n/bin/sh -c \"$WITH_ENVIRONMENT $REACT_NATIVE_XCODE\"\n";
		};
		00EEFC60759A1932668264C0 /* [CP] Embed Pods Frameworks */ = {
			isa = PBXShellScriptBuildPhase;
			buildActionMask = 2147483647;
			files = (
			);
			inputFileListPaths = (
				"${PODS_ROOT}/Target Support Files/Pods-pawslink_mobile/Pods-pawslink_mobile-frameworks-${CONFIGURATION}-input-files.xcfilelist",
			);
			name = "[CP] Embed Pods Frameworks";
			outputFileListPaths = (
				"${PODS_ROOT}/Target Support Files/Pods-pawslink_mobile/Pods-pawslink_mobile-frameworks-${CONFIGURATION}-output-files.xcfilelist",
			);
			runOnlyForDeploymentPostprocessing = 0;
			shellPath = /bin/sh;
			shellScript = "\"${PODS_ROOT}/Target Support Files/Pods-pawslink_mobile/Pods-pawslink_mobile-frameworks.sh\"\n";
			showEnvVarsInLog = 0;
		};
		A55EABD7B0C7F3A422A6CC61 /* [CP] Check Pods Manifest.lock */ = {
			isa = PBXShellScriptBuildPhase;
			buildActionMask = 2147483647;
			files = (
			);
			inputFileListPaths = (
			);
			inputPaths = (
				"${PODS_PODFILE_DIR_PATH}/Podfile.lock",
				"${PODS_ROOT}/Manifest.lock",
			);
			name = "[CP] Check Pods Manifest.lock";
			outputFileListPaths = (
			);
			outputPaths = (
				"$(DERIVED_FILE_DIR)/Pods-pawslink_mobile-pawslink_mobileTests-checkManifestLockResult.txt",
			);
			runOnlyForDeploymentPostprocessing = 0;
			shellPath = /bin/sh;
			shellScript = "diff \"${PODS_PODFILE_DIR_PATH}/Podfile.lock\" \"${PODS_ROOT}/Manifest.lock\" > /dev/null\nif [ $? != 0 ] ; then\n    # print error to STDERR\n    echo \"error: The sandbox is not in sync with the Podfile.lock. Run 'pod install' or update your CocoaPods installation.\" >&2\n    exit 1\nfi\n# This output is used by Xcode 'outputs' to avoid re-running this script phase.\necho \"SUCCESS\" > \"${SCRIPT_OUTPUT_FILE_0}\"\n";
			showEnvVarsInLog = 0;
		};
		C38B50BA6285516D6DCD4F65 /* [CP] Check Pods Manifest.lock */ = {
			isa = PBXShellScriptBuildPhase;
			buildActionMask = 2147483647;
			files = (
			);
			inputFileListPaths = (
			);
			inputPaths = (
				"${PODS_PODFILE_DIR_PATH}/Podfile.lock",
				"${PODS_ROOT}/Manifest.lock",
			);
			name = "[CP] Check Pods Manifest.lock";
			outputFileListPaths = (
			);
			outputPaths = (
				"$(DERIVED_FILE_DIR)/Pods-pawslink_mobile-checkManifestLockResult.txt",
			);
			runOnlyForDeploymentPostprocessing = 0;
			shellPath = /bin/sh;
			shellScript = "diff \"${PODS_PODFILE_DIR_PATH}/Podfile.lock\" \"${PODS_ROOT}/Manifest.lock\" > /dev/null\nif [ $? != 0 ] ; then\n    # print error to STDERR\n    echo \"error: The sandbox is not in sync with the Podfile.lock. Run 'pod install' or update your CocoaPods installation.\" >&2\n    exit 1\nfi\n# This output is used by Xcode 'outputs' to avoid re-running this script phase.\necho \"SUCCESS\" > \"${SCRIPT_OUTPUT_FILE_0}\"\n";
			showEnvVarsInLog = 0;
		};
		C59DA0FBD6956966B86A3779 /* [CP] Embed Pods Frameworks */ = {
			isa = PBXShellScriptBuildPhase;
			buildActionMask = 2147483647;
			files = (
			);
			inputFileListPaths = (
				"${PODS_ROOT}/Target Support Files/Pods-pawslink_mobile-pawslink_mobileTests/Pods-pawslink_mobile-pawslink_mobileTests-frameworks-${CONFIGURATION}-input-files.xcfilelist",
			);
			name = "[CP] Embed Pods Frameworks";
			outputFileListPaths = (
				"${PODS_ROOT}/Target Support Files/Pods-pawslink_mobile-pawslink_mobileTests/Pods-pawslink_mobile-pawslink_mobileTests-frameworks-${CONFIGURATION}-output-files.xcfilelist",
			);
			runOnlyForDeploymentPostprocessing = 0;
			shellPath = /bin/sh;
			shellScript = "\"${PODS_ROOT}/Target Support Files/Pods-pawslink_mobile-pawslink_mobileTests/Pods-pawslink_mobile-pawslink_mobileTests-frameworks.sh\"\n";
			showEnvVarsInLog = 0;
		};
		E235C05ADACE081382539298 /* [CP] Copy Pods Resources */ = {
			isa = PBXShellScriptBuildPhase;
			buildActionMask = 2147483647;
			files = (
			);
			inputFileListPaths = (
				"${PODS_ROOT}/Target Support Files/Pods-pawslink_mobile/Pods-pawslink_mobile-resources-${CONFIGURATION}-input-files.xcfilelist",
			);
			name = "[CP] Copy Pods Resources";
			outputFileListPaths = (
				"${PODS_ROOT}/Target Support Files/Pods-pawslink_mobile/Pods-pawslink_mobile-resources-${CONFIGURATION}-output-files.xcfilelist",
			);
			runOnlyForDeploymentPostprocessing = 0;
			shellPath = /bin/sh;
			shellScript = "\"${PODS_ROOT}/Target Support Files/Pods-pawslink_mobile/Pods-pawslink_mobile-resources.sh\"\n";
			showEnvVarsInLog = 0;
		};
		F6A41C54EA430FDDC6A6ED99 /* [CP] Copy Pods Resources */ = {
			isa = PBXShellScriptBuildPhase;
			buildActionMask = 2147483647;
			files = (
			);
			inputFileListPaths = (
				"${PODS_ROOT}/Target Support Files/Pods-pawslink_mobile-pawslink_mobileTests/Pods-pawslink_mobile-pawslink_mobileTests-resources-${CONFIGURATION}-input-files.xcfilelist",
			);
			name = "[CP] Copy Pods Resources";
			outputFileListPaths = (
				"${PODS_ROOT}/Target Support Files/Pods-pawslink_mobile-pawslink_mobileTests/Pods-pawslink_mobile-pawslink_mobileTests-resources-${CONFIGURATION}-output-files.xcfilelist",
			);
			runOnlyForDeploymentPostprocessing = 0;
			shellPath = /bin/sh;
			shellScript = "\"${PODS_ROOT}/Target Support Files/Pods-pawslink_mobile-pawslink_mobileTests/Pods-pawslink_mobile-pawslink_mobileTests-resources.sh\"\n";
			showEnvVarsInLog = 0;
		};
/* End PBXShellScriptBuildPhase section */

/* Begin PBXSourcesBuildPhase section */
		00E356EA1AD99517003FC87E /* Sources */ = {
			isa = PBXSourcesBuildPhase;
			buildActionMask = 2147483647;
			files = (
				00E356F31AD99517003FC87E /* pawslink_mobileTests.m in Sources */,
			);
			runOnlyForDeploymentPostprocessing = 0;
		};
		13B07F871A680F5B00A75B9A /* Sources */ = {
			isa = PBXSourcesBuildPhase;
			buildActionMask = 2147483647;
			files = (
				13B07FBC1A68108700A75B9A /* AppDelegate.mm in Sources */,
				13B07FC11A68108700A75B9A /* main.m in Sources */,
			);
			runOnlyForDeploymentPostprocessing = 0;
		};
/* End PBXSourcesBuildPhase section */

/* Begin PBXTargetDependency section */
		00E356F51AD99517003FC87E /* PBXTargetDependency */ = {
			isa = PBXTargetDependency;
			target = 13B07F861A680F5B00A75B9A /* pawslink_mobile */;
			targetProxy = 00E356F41AD99517003FC87E /* PBXContainerItemProxy */;
		};
/* End PBXTargetDependency section */

/* Begin XCBuildConfiguration section */
		00E356F61AD99517003FC87E /* Debug */ = {
			isa = XCBuildConfiguration;
			baseConfigurationReference = 5B7EB9410499542E8C5724F5 /* Pods-pawslink_mobile-pawslink_mobileTests.debug.xcconfig */;
			buildSettings = {
				BUNDLE_LOADER = "$(TEST_HOST)";
				GCC_PREPROCESSOR_DEFINITIONS = (
					"DEBUG=1",
					"$(inherited)",
				);
				INFOPLIST_FILE = pawslink_mobileTests/Info.plist;
				IPHONEOS_DEPLOYMENT_TARGET = 13.4;
				LD_RUNPATH_SEARCH_PATHS = (
					"$(inherited)",
					"@executable_path/Frameworks",
					"@loader_path/Frameworks",
				);
				OTHER_LDFLAGS = (
					"-ObjC",
					"-lc++",
					"$(inherited)",
				);
				PRODUCT_BUNDLE_IDENTIFIER = "org.reactjs.native.example.$(PRODUCT_NAME:rfc1034identifier)";
				PRODUCT_NAME = "$(TARGET_NAME)";
				TEST_HOST = "$(BUILT_PRODUCTS_DIR)/pawslink_mobile.app/pawslink_mobile";
			};
			name = Debug;
		};
		00E356F71AD99517003FC87E /* Release */ = {
			isa = XCBuildConfiguration;
			baseConfigurationReference = 89C6BE57DB24E9ADA2F236DE /* Pods-pawslink_mobile-pawslink_mobileTests.release.xcconfig */;
			buildSettings = {
				BUNDLE_LOADER = "$(TEST_HOST)";
				COPY_PHASE_STRIP = NO;
				INFOPLIST_FILE = pawslink_mobileTests/Info.plist;
				IPHONEOS_DEPLOYMENT_TARGET = 13.4;
				LD_RUNPATH_SEARCH_PATHS = (
					"$(inherited)",
					"@executable_path/Frameworks",
					"@loader_path/Frameworks",
				);
				OTHER_LDFLAGS = (
					"-ObjC",
					"-lc++",
					"$(inherited)",
				);
				PRODUCT_BUNDLE_IDENTIFIER = "org.reactjs.native.example.$(PRODUCT_NAME:rfc1034identifier)";
				PRODUCT_NAME = "$(TARGET_NAME)";
				TEST_HOST = "$(BUILT_PRODUCTS_DIR)/pawslink_mobile.app/pawslink_mobile";
			};
			name = Release;
		};
		13B07F941A680F5B00A75B9A /* Debug */ = {
			isa = XCBuildConfiguration;
			baseConfigurationReference = 3B4392A12AC88292D35C810B /* Pods-pawslink_mobile.debug.xcconfig */;
			buildSettings = {
				ASSETCATALOG_COMPILER_APPICON_NAME = AppIcon;
				CLANG_ENABLE_MODULES = YES;
				CURRENT_PROJECT_VERSION = 1;
				ENABLE_BITCODE = NO;
				INFOPLIST_FILE = pawslink_mobile/Info.plist;
				LD_RUNPATH_SEARCH_PATHS = (
					"$(inherited)",
					"@executable_path/Frameworks",
				);
				MARKETING_VERSION = 1.0;
				OTHER_LDFLAGS = (
					"$(inherited)",
					"-ObjC",
					"-lc++",
				);
				PRODUCT_BUNDLE_IDENTIFIER = "org.reactjs.native.example.$(PRODUCT_NAME:rfc1034identifier)";
				PRODUCT_NAME = pawslink_mobile;
				SWIFT_OPTIMIZATION_LEVEL = "-Onone";
				SWIFT_VERSION = 5.0;
				VERSIONING_SYSTEM = "apple-generic";
			};
			name = Debug;
		};
		13B07F951A680F5B00A75B9A /* Release */ = {
			isa = XCBuildConfiguration;
			baseConfigurationReference = 5709B34CF0A7D63546082F79 /* Pods-pawslink_mobile.release.xcconfig */;
			buildSettings = {
				ASSETCATALOG_COMPILER_APPICON_NAME = AppIcon;
				CLANG_ENABLE_MODULES = YES;
				CURRENT_PROJECT_VERSION = 1;
				INFOPLIST_FILE = pawslink_mobile/Info.plist;
				LD_RUNPATH_SEARCH_PATHS = (
					"$(inherited)",
					"@executable_path/Frameworks",
				);
				MARKETING_VERSION = 1.0;
				OTHER_LDFLAGS = (
					"$(inherited)",
					"-ObjC",
					"-lc++",
				);
				PRODUCT_BUNDLE_IDENTIFIER = "org.reactjs.native.example.$(PRODUCT_NAME:rfc1034identifier)";
				PRODUCT_NAME = pawslink_mobile;
				SWIFT_VERSION = 5.0;
				VERSIONING_SYSTEM = "apple-generic";
			};
			name = Release;
		};
		83CBBA201A601CBA00E9B192 /* Debug */ = {
			isa = XCBuildConfiguration;
			buildSettings = {
				ALWAYS_SEARCH_USER_PATHS = NO;
				CLANG_ANALYZER_LOCALIZABILITY_NONLOCALIZED = YES;
				CLANG_CXX_LANGUAGE_STANDARD = "c++20";
				CLANG_CXX_LIBRARY = "libc++";
				CLANG_ENABLE_MODULES = YES;
				CLANG_ENABLE_OBJC_ARC = YES;
				CLANG_WARN_BLOCK_CAPTURE_AUTORELEASING = YES;
				CLANG_WARN_BOOL_CONVERSION = YES;
				CLANG_WARN_COMMA = YES;
				CLANG_WARN_CONSTANT_CONVERSION = YES;
				CLANG_WARN_DEPRECATED_OBJC_IMPLEMENTATIONS = YES;
				CLANG_WARN_DIRECT_OBJC_ISA_USAGE = YES_ERROR;
				CLANG_WARN_EMPTY_BODY = YES;
				CLANG_WARN_ENUM_CONVERSION = YES;
				CLANG_WARN_INFINITE_RECURSION = YES;
				CLANG_WARN_INT_CONVERSION = YES;
				CLANG_WARN_NON_LITERAL_NULL_CONVERSION = YES;
				CLANG_WARN_OBJC_IMPLICIT_RETAIN_SELF = YES;
				CLANG_WARN_OBJC_LITERAL_CONVERSION = YES;
				CLANG_WARN_OBJC_ROOT_CLASS = YES_ERROR;
				CLANG_WARN_QUOTED_INCLUDE_IN_FRAMEWORK_HEADER = YES;
				CLANG_WARN_RANGE_LOOP_ANALYSIS = YES;
				CLANG_WARN_STRICT_PROTOTYPES = YES;
				CLANG_WARN_SUSPICIOUS_MOVE = YES;
				CLANG_WARN_UNREACHABLE_CODE = YES;
				CLANG_WARN__DUPLICATE_METHOD_MATCH = YES;
				"CODE_SIGN_IDENTITY[sdk=iphoneos*]" = "iPhone Developer";
				COPY_PHASE_STRIP = NO;
				ENABLE_STRICT_OBJC_MSGSEND = YES;
				ENABLE_TESTABILITY = YES;
				"EXCLUDED_ARCHS[sdk=iphonesimulator*]" = "";
				GCC_C_LANGUAGE_STANDARD = gnu99;
				GCC_DYNAMIC_NO_PIC = NO;
				GCC_NO_COMMON_BLOCKS = YES;
				GCC_OPTIMIZATION_LEVEL = 0;
				GCC_PREPROCESSOR_DEFINITIONS = (
					"DEBUG=1",
					"$(inherited)",
				);
				GCC_SYMBOLS_PRIVATE_EXTERN = NO;
				GCC_WARN_64_TO_32_BIT_CONVERSION = YES;
				GCC_WARN_ABOUT_RETURN_TYPE = YES_ERROR;
				GCC_WARN_UNDECLARED_SELECTOR = YES;
				GCC_WARN_UNINITIALIZED_AUTOS = YES_AGGRESSIVE;
				GCC_WARN_UNUSED_FUNCTION = YES;
				GCC_WARN_UNUSED_VARIABLE = YES;
				IPHONEOS_DEPLOYMENT_TARGET = 13.4;
				LD_RUNPATH_SEARCH_PATHS = (
					/usr/lib/swift,
					"$(inherited)",
				);
				LIBRARY_SEARCH_PATHS = (
					"\"$(SDKROOT)/usr/lib/swift\"",
					"\"$(TOOLCHAIN_DIR)/usr/lib/swift/$(PLATFORM_NAME)\"",
					"\"$(inherited)\"",
				);
				MTL_ENABLE_DEBUG_INFO = YES;
				ONLY_ACTIVE_ARCH = YES;
				OTHER_CPLUSPLUSFLAGS = (
					"$(OTHER_CFLAGS)",
					"-DFOLLY_NO_CONFIG",
					"-DFOLLY_MOBILE=1",
					"-DFOLLY_USE_LIBCPP=1",
					"-DFOLLY_CFG_NO_COROUTINES=1",
					"-DFOLLY_HAVE_CLOCK_GETTIME=1",
				);
				SDKROOT = iphoneos;
			};
			name = Debug;
		};
		83CBBA211A601CBA00E9B192 /* Release */ = {
			isa = XCBuildConfiguration;
			buildSettings = {
				ALWAYS_SEARCH_USER_PATHS = NO;
				CLANG_ANALYZER_LOCALIZABILITY_NONLOCALIZED = YES;
				CLANG_CXX_LANGUAGE_STANDARD = "c++20";
				CLANG_CXX_LIBRARY = "libc++";
				CLANG_ENABLE_MODULES = YES;
				CLANG_ENABLE_OBJC_ARC = YES;
				CLANG_WARN_BLOCK_CAPTURE_AUTORELEASING = YES;
				CLANG_WARN_BOOL_CONVERSION = YES;
				CLANG_WARN_COMMA = YES;
				CLANG_WARN_CONSTANT_CONVERSION = YES;
				CLANG_WARN_DEPRECATED_OBJC_IMPLEMENTATIONS = YES;
				CLANG_WARN_DIRECT_OBJC_ISA_USAGE = YES_ERROR;
				CLANG_WARN_EMPTY_BODY = YES;
				CLANG_WARN_ENUM_CONVERSION = YES;
				CLANG_WARN_INFINITE_RECURSION = YES;
				CLANG_WARN_INT_CONVERSION = YES;
				CLANG_WARN_NON_LITERAL_NULL_CONVERSION = YES;
				CLANG_WARN_OBJC_IMPLICIT_RETAIN_SELF = YES;
				CLANG_WARN_OBJC_LITERAL_CONVERSION = YES;
				CLANG_WARN_OBJC_ROOT_CLASS = YES_ERROR;
				CLANG_WARN_QUOTED_INCLUDE_IN_FRAMEWORK_HEADER = YES;
				CLANG_WARN_RANGE_LOOP_ANALYSIS = YES;
				CLANG_WARN_STRICT_PROTOTYPES = YES;
				CLANG_WARN_SUSPICIOUS_MOVE = YES;
				CLANG_WARN_UNREACHABLE_CODE = YES;
				CLANG_WARN__DUPLICATE_METHOD_MATCH = YES;
				"CODE_SIGN_IDENTITY[sdk=iphoneos*]" = "iPhone Developer";
				COPY_PHASE_STRIP = YES;
				ENABLE_NS_ASSERTIONS = NO;
				ENABLE_STRICT_OBJC_MSGSEND = YES;
				"EXCLUDED_ARCHS[sdk=iphonesimulator*]" = "";
				GCC_C_LANGUAGE_STANDARD = gnu99;
				GCC_NO_COMMON_BLOCKS = YES;
				GCC_WARN_64_TO_32_BIT_CONVERSION = YES;
				GCC_WARN_ABOUT_RETURN_TYPE = YES_ERROR;
				GCC_WARN_UNDECLARED_SELECTOR = YES;
				GCC_WARN_UNINITIALIZED_AUTOS = YES_AGGRESSIVE;
				GCC_WARN_UNUSED_FUNCTION = YES;
				GCC_WARN_UNUSED_VARIABLE = YES;
				IPHONEOS_DEPLOYMENT_TARGET = 13.4;
				LD_RUNPATH_SEARCH_PATHS = (
					/usr/lib/swift,
					"$(inherited)",
				);
				LIBRARY_SEARCH_PATHS = (
					"\"$(SDKROOT)/usr/lib/swift\"",
					"\"$(TOOLCHAIN_DIR)/usr/lib/swift/$(PLATFORM_NAME)\"",
					"\"$(inherited)\"",
				);
				MTL_ENABLE_DEBUG_INFO = NO;
				OTHER_CPLUSPLUSFLAGS = (
					"$(OTHER_CFLAGS)",
					"-DFOLLY_NO_CONFIG",
					"-DFOLLY_MOBILE=1",
					"-DFOLLY_USE_LIBCPP=1",
					"-DFOLLY_CFG_NO_COROUTINES=1",
					"-DFOLLY_HAVE_CLOCK_GETTIME=1",
				);
				SDKROOT = iphoneos;
				VALIDATE_PRODUCT = YES;
			};
			name = Release;
		};
/* End XCBuildConfiguration section */

/* Begin XCConfigurationList section */
		00E357021AD99517003FC87E /* Build configuration list for PBXNativeTarget "pawslink_mobileTests" */ = {
			isa = XCConfigurationList;
			buildConfigurations = (
				00E356F61AD99517003FC87E /* Debug */,
				00E356F71AD99517003FC87E /* Release */,
			);
			defaultConfigurationIsVisible = 0;
			defaultConfigurationName = Release;
		};
		13B07F931A680F5B00A75B9A /* Build configuration list for PBXNativeTarget "pawslink_mobile" */ = {
			isa = XCConfigurationList;
			buildConfigurations = (
				13B07F941A680F5B00A75B9A /* Debug */,
				13B07F951A680F5B00A75B9A /* Release */,
			);
			defaultConfigurationIsVisible = 0;
			defaultConfigurationName = Release;
		};
		83CBB9FA1A601CBA00E9B192 /* Build configuration list for PBXProject "pawslink_mobile" */ = {
			isa = XCConfigurationList;
			buildConfigurations = (
				83CBBA201A601CBA00E9B192 /* Debug */,
				83CBBA211A601CBA00E9B192 /* Release */,
			);
			defaultConfigurationIsVisible = 0;
			defaultConfigurationName = Release;
		};
/* End XCConfigurationList section */
	};
	rootObject = 83CBB9F71A601CBA00E9B192 /* Project object */;
}
